
Microsoft Visual Studio Solution File, Format Version 12.00
# Visual Studio Version 16
VisualStudioVersion = 16.0.29613.14
MinimumVisualStudioVersion = 10.0.40219.1
Project("{FAE04EC0-301F-11D3-BF4B-00C04F79EFBC}") = "TelleRPlatformApi", "TelleRPlatformApi\TelleRPlatformApi.csproj", "{A5BB08CD-B14E-43FF-95A6-DC079CE1820A}"
EndProject
Global
	GlobalSection(SolutionConfigurationPlatforms) = preSolution
		Debug|Any CPU = Debug|Any CPU
		Release|Any CPU = Release|Any CPU
	EndGlobalSection
	GlobalSection(ProjectConfigurationPlatforms) = postSolution
		{A5BB08CD-B14E-43FF-95A6-DC079CE1820A}.Debug|Any CPU.ActiveCfg = Debug|Any CPU
		{A5BB08CD-B14E-43FF-95A6-DC079CE1820A}.Debug|Any CPU.Build.0 = Debug|Any CPU
		{A5BB08CD-B14E-43FF-95A6-DC079CE1820A}.Release|Any CPU.ActiveCfg = Release|Any CPU
		{A5BB08CD-B14E-43FF-95A6-DC079CE1820A}.Release|Any CPU.Build.0 = Release|Any CPU
	EndGlobalSection
	GlobalSection(SolutionProperties) = preSolution
		HideSolutionNode = FALSE
	EndGlobalSection
	GlobalSection(ExtensibilityGlobals) = postSolution
		SolutionGuid = {0360DB85-2364-4FC3-B06D-4700A1311788}
	EndGlobalSection
EndGlobal
